{
  "name": "conqr",
  "version": "2.1.0",
  "lockfileVersion": 3,
  "requires": true,
  "packages": {
    "": {
      "name": "conqr",
      "version": "2.1.0",
      "license": "ISC",
      "bin": {
        "conqr": "npm/conqr.js"
      },
      "engines": {
        "node": ">=18.0.0"
      }
    }
  }
}
